
Microsoft Visual Studio Solution File, Format Version 12.00
# Visual Studio Version 18
VisualStudioVersion = 18.2.11415.280 d18.0
MinimumVisualStudioVersion = 10.0.40219.1
Project("{FAE04EC0-301F-11D3-BF4B-00C04F79EFBC}") = "CapaPresentacion", "Proyecto_POE\CapaPresentacion.csproj", "{8E9DDF71-C21C-4827-9113-F077597788A9}"
EndProject
Project("{FAE04EC0-301F-11D3-BF4B-00C04F79EFBC}") = "CapaDatos", "CapaDatos\CapaDatos.csproj", "{528529CE-D346-4BBC-9282-5E998099EE42}"
EndProject
Project("{FAE04EC0-301F-11D3-BF4B-00C04F79EFBC}") = "CapaNegocio", "CapaNegocio\CapaNegocio.csproj", "{1C4A1F87-6D5B-4C91-B266-5353B7A84048}"
EndProject
Project("{FAE04EC0-301F-11D3-BF4B-00C04F79EFBC}") = "CapaDeDatos", "CapaDeDatos\CapaDeDatos.csproj", "{BEC82A94-7FEE-4D72-8A64-21B6442764E2}"
EndProject
Project("{FAE04EC0-301F-11D3-BF4B-00C04F79EFBC}") = "CapaAplicacion", "CapaAplicacion\CapaAplicacion.csproj", "{2D42E4E5-BEFD-40AC-81B4-F2895944BC2F}"
EndProject
Global
	GlobalSection(SolutionConfigurationPlatforms) = preSolution
		Debug|Any CPU = Debug|Any CPU
		Release|Any CPU = Release|Any CPU
	EndGlobalSection
	GlobalSection(ProjectConfigurationPlatforms) = postSolution
		{8E9DDF71-C21C-4827-9113-F077597788A9}.Debug|Any CPU.ActiveCfg = Debug|Any CPU
		{8E9DDF71-C21C-4827-9113-F077597788A9}.Debug|Any CPU.Build.0 = Debug|Any CPU
		{8E9DDF71-C21C-4827-9113-F077597788A9}.Release|Any CPU.ActiveCfg = Release|Any CPU
		{8E9DDF71-C21C-4827-9113-F077597788A9}.Release|Any CPU.Build.0 = Release|Any CPU
		{528529CE-D346-4BBC-9282-5E998099EE42}.Debug|Any CPU.ActiveCfg = Debug|Any CPU
		{528529CE-D346-4BBC-9282-5E998099EE42}.Debug|Any CPU.Build.0 = Debug|Any CPU
		{528529CE-D346-4BBC-9282-5E998099EE42}.Release|Any CPU.ActiveCfg = Release|Any CPU
		{528529CE-D346-4BBC-9282-5E998099EE42}.Release|Any CPU.Build.0 = Release|Any CPU
		{1C4A1F87-6D5B-4C91-B266-5353B7A84048}.Debug|Any CPU.ActiveCfg = Debug|Any CPU
		{1C4A1F87-6D5B-4C91-B266-5353B7A84048}.Debug|Any CPU.Build.0 = Debug|Any CPU
		{1C4A1F87-6D5B-4C91-B266-5353B7A84048}.Release|Any CPU.ActiveCfg = Release|Any CPU
		{1C4A1F87-6D5B-4C91-B266-5353B7A84048}.Release|Any CPU.Build.0 = Release|Any CPU
		{BEC82A94-7FEE-4D72-8A64-21B6442764E2}.Debug|Any CPU.ActiveCfg = Debug|Any CPU
		{BEC82A94-7FEE-4D72-8A64-21B6442764E2}.Debug|Any CPU.Build.0 = Debug|Any CPU
		{BEC82A94-7FEE-4D72-8A64-21B6442764E2}.Release|Any CPU.ActiveCfg = Release|Any CPU
		{BEC82A94-7FEE-4D72-8A64-21B6442764E2}.Release|Any CPU.Build.0 = Release|Any CPU
		{2D42E4E5-BEFD-40AC-81B4-F2895944BC2F}.Debug|Any CPU.ActiveCfg = Debug|Any CPU
		{2D42E4E5-BEFD-40AC-81B4-F2895944BC2F}.Debug|Any CPU.Build.0 = Debug|Any CPU
		{2D42E4E5-BEFD-40AC-81B4-F2895944BC2F}.Release|Any CPU.ActiveCfg = Release|Any CPU
		{2D42E4E5-BEFD-40AC-81B4-F2895944BC2F}.Release|Any CPU.Build.0 = Release|Any CPU
	EndGlobalSection
	GlobalSection(SolutionProperties) = preSolution
		HideSolutionNode = FALSE
	EndGlobalSection
	GlobalSection(ExtensibilityGlobals) = postSolution
		SolutionGuid = {611B2853-83A3-4877-8EFD-C31990232387}
	EndGlobalSection
EndGlobal
